
Microsoft Visual Studio Solution File, Format Version 12.00
# Visual Studio Version 16
VisualStudioVersion = 16.0.30128.74
MinimumVisualStudioVersion = 10.0.40219.1
Project("{FAE04EC0-301F-11D3-BF4B-00C04F79EFBC}") = "Calculrator", "Calculrator\Calculrator.csproj", "{F25DE73A-DD0E-40DE-B8B8-DBA3F87CB093}"
EndProject
Global
	GlobalSection(SolutionConfigurationPlatforms) = preSolution
		Debug|Any CPU = Debug|Any CPU
		Release|Any CPU = Release|Any CPU
	EndGlobalSection
	GlobalSection(ProjectConfigurationPlatforms) = postSolution
		{F25DE73A-DD0E-40DE-B8B8-DBA3F87CB093}.Debug|Any CPU.ActiveCfg = Debug|Any CPU
		{F25DE73A-DD0E-40DE-B8B8-DBA3F87CB093}.Debug|Any CPU.Build.0 = Debug|Any CPU
		{F25DE73A-DD0E-40DE-B8B8-DBA3F87CB093}.Release|Any CPU.ActiveCfg = Release|Any CPU
		{F25DE73A-DD0E-40DE-B8B8-DBA3F87CB093}.Release|Any CPU.Build.0 = Release|Any CPU
	EndGlobalSection
	GlobalSection(SolutionProperties) = preSolution
		HideSolutionNode = FALSE
	EndGlobalSection
	GlobalSection(ExtensibilityGlobals) = postSolution
		SolutionGuid = {DE46574C-FFF3-4BDB-953D-B1C08DAA77D2}
	EndGlobalSection
EndGlobal
